{
  "name": "tnel-website",
  "lockfileVersion": 2,
  "requires": true,
  "packages": {
    "": {
      "dependencies": {
        "fittextjs": "^1.2.0",
        "fitty": "^2.3.6",
        "g-sheets-api": "^2.1.2",
        "jquery": "^3.6.0"
      }
    },
    "node_modules/cross-fetch": {
      "version": "3.1.5",
      "resolved": "https://registry.npmjs.org/cross-fetch/-/cross-fetch-3.1.5.tgz",
      "integrity": "sha512-lvb1SBsI0Z7GDwmuid+mU3kWVBwTVUbe7S0H52yaaAdQOXq2YktTCZdlAcNKFzE6QtRz0snpw9bNiPeOIkkQvw==",
      "dependencies": {
        "node-fetch": "2.6.7"
      }
    },
    "node_modules/fittextjs": {
      "version": "1.2.0",
      "resolved": "https://registry.npmjs.org/fittextjs/-/fittextjs-1.2.0.tgz",
      "integrity": "sha512-aT4SV0Hux/xZZJJJTnrCuCesPF/vX16liqHjzmqelaRV4GKb7M22i4rHF3BGXiWPAdpZ/8YSaqPMJ23SoquzHA==",
      "dependencies": {
        "jquery": ">=1.6.2"
      }
    },
    "node_modules/fitty": {
      "version": "2.3.6",
      "resolved": "https://registry.npmjs.org/fitty/-/fitty-2.3.6.tgz",
      "integrity": "sha512-ENp/+MqqYmXBGHC0dlltCX75+5zL5m0uiIGCgYdoThao99BrJpNYzEh3xrvhiy4b7O5X82CQT7dPTiB53H6stw=="
    },
    "node_modules/g-sheets-api": {
      "version": "2.1.2",
      "resolved": "https://registry.npmjs.org/g-sheets-api/-/g-sheets-api-2.1.2.tgz",
      "integrity": "sha512-d13dxX96UcPnaZW+XZMs40/MEWrjJlzvto9QgamVy95iWdBnRwJa9nInHtMqVsNHJtMqEodj3lBX1dryvaGSnQ==",
      "dependencies": {
        "cross-fetch": "^3.1.4"
      }
    },
    "node_modules/jquery": {
      "version": "3.6.0",
      "resolved": "https://registry.npmjs.org/jquery/-/jquery-3.6.0.tgz",
      "integrity": "sha512-JVzAR/AjBvVt2BmYhxRCSYysDsPcssdmTFnzyLEts9qNwmjmu4JTAMYubEfwVOSwpQ1I1sKKFcxhZCI2buerfw=="
    },
    "node_modules/node-fetch": {
      "version": "2.6.7",
      "resolved": "https://registry.npmjs.org/node-fetch/-/node-fetch-2.6.7.tgz",
      "integrity": "sha512-ZjMPFEfVx5j+y2yF35Kzx5sF7kDzxuDj6ziH4FFbOp87zKDZNx8yExJIb05OGF4Nlt9IHFIMBkRl41VdvcNdbQ==",
      "dependencies": {
        "whatwg-url": "^5.0.0"
      },
      "engines": {
        "node": "4.x || >=6.0.0"
      },
      "peerDependencies": {
        "encoding": "^0.1.0"
      },
      "peerDependenciesMeta": {
        "encoding": {
          "optional": true
        }
      }
    },
    "node_modules/tr46": {
      "version": "0.0.3",
      "resolved": "https://registry.npmjs.org/tr46/-/tr46-0.0.3.tgz",
      "integrity": "sha512-N3WMsuqV66lT30CrXNbEjx4GEwlow3v6rr4mCcv6prnfwhS01rkgyFdjPNBYd9br7LpXV1+Emh01fHnq2Gdgrw=="
    },
    "node_modules/webidl-conversions": {
      "version": "3.0.1",
      "resolved": "https://registry.npmjs.org/webidl-conversions/-/webidl-conversions-3.0.1.tgz",
      "integrity": "sha512-2JAn3z8AR6rjK8Sm8orRC0h/bcl/DqL7tRPdGZ4I1CjdF+EaMLmYxBHyXuKL849eucPFhvBoxMsflfOb8kxaeQ=="
    },
    "node_modules/whatwg-url": {
      "version": "5.0.0",
      "resolved": "https://registry.npmjs.org/whatwg-url/-/whatwg-url-5.0.0.tgz",
      "integrity": "sha512-saE57nupxk6v3HY35+jzBwYa0rKSy0XR8JSxZPwgLr7ys0IBzhGviA1/TUGJLmSVqs8pb9AnvICXEuOHLprYTw==",
      "dependencies": {
        "tr46": "~0.0.3",
        "webidl-conversions": "^3.0.0"
      }
    }
  },
  "dependencies": {
    "cross-fetch": {
      "version": "3.1.5",
      "resolved": "https://registry.npmjs.org/cross-fetch/-/cross-fetch-3.1.5.tgz",
      "integrity": "sha512-lvb1SBsI0Z7GDwmuid+mU3kWVBwTVUbe7S0H52yaaAdQOXq2YktTCZdlAcNKFzE6QtRz0snpw9bNiPeOIkkQvw==",
      "requires": {
        "node-fetch": "2.6.7"
      }
    },
    "fittextjs": {
      "version": "1.2.0",
      "resolved": "https://registry.npmjs.org/fittextjs/-/fittextjs-1.2.0.tgz",
      "integrity": "sha512-aT4SV0Hux/xZZJJJTnrCuCesPF/vX16liqHjzmqelaRV4GKb7M22i4rHF3BGXiWPAdpZ/8YSaqPMJ23SoquzHA==",
      "requires": {
        "jquery": ">=1.6.2"
      }
    },
    "fitty": {
      "version": "2.3.6",
      "resolved": "https://registry.npmjs.org/fitty/-/fitty-2.3.6.tgz",
      "integrity": "sha512-ENp/+MqqYmXBGHC0dlltCX75+5zL5m0uiIGCgYdoThao99BrJpNYzEh3xrvhiy4b7O5X82CQT7dPTiB53H6stw=="
    },
    "g-sheets-api": {
      "version": "2.1.2",
      "resolved": "https://registry.npmjs.org/g-sheets-api/-/g-sheets-api-2.1.2.tgz",
      "integrity": "sha512-d13dxX96UcPnaZW+XZMs40/MEWrjJlzvto9QgamVy95iWdBnRwJa9nInHtMqVsNHJtMqEodj3lBX1dryvaGSnQ==",
      "requires": {
        "cross-fetch": "^3.1.4"
      }
    },
    "jquery": {
      "version": "3.6.0",
      "resolved": "https://registry.npmjs.org/jquery/-/jquery-3.6.0.tgz",
      "integrity": "sha512-JVzAR/AjBvVt2BmYhxRCSYysDsPcssdmTFnzyLEts9qNwmjmu4JTAMYubEfwVOSwpQ1I1sKKFcxhZCI2buerfw=="
    },
    "node-fetch": {
      "version": "2.6.7",
      "resolved": "https://registry.npmjs.org/node-fetch/-/node-fetch-2.6.7.tgz",
      "integrity": "sha512-ZjMPFEfVx5j+y2yF35Kzx5sF7kDzxuDj6ziH4FFbOp87zKDZNx8yExJIb05OGF4Nlt9IHFIMBkRl41VdvcNdbQ==",
      "requires": {
        "whatwg-url": "^5.0.0"
      }
    },
    "tr46": {
      "version": "0.0.3",
      "resolved": "https://registry.npmjs.org/tr46/-/tr46-0.0.3.tgz",
      "integrity": "sha512-N3WMsuqV66lT30CrXNbEjx4GEwlow3v6rr4mCcv6prnfwhS01rkgyFdjPNBYd9br7LpXV1+Emh01fHnq2Gdgrw=="
    },
    "webidl-conversions": {
      "version": "3.0.1",
      "resolved": "https://registry.npmjs.org/webidl-conversions/-/webidl-conversions-3.0.1.tgz",
      "integrity": "sha512-2JAn3z8AR6rjK8Sm8orRC0h/bcl/DqL7tRPdGZ4I1CjdF+EaMLmYxBHyXuKL849eucPFhvBoxMsflfOb8kxaeQ=="
    },
    "whatwg-url": {
      "version": "5.0.0",
      "resolved": "https://registry.npmjs.org/whatwg-url/-/whatwg-url-5.0.0.tgz",
      "integrity": "sha512-saE57nupxk6v3HY35+jzBwYa0rKSy0XR8JSxZPwgLr7ys0IBzhGviA1/TUGJLmSVqs8pb9AnvICXEuOHLprYTw==",
      "requires": {
        "tr46": "~0.0.3",
        "webidl-conversions": "^3.0.0"
      }
    }
  }
}
